
Microsoft Visual Studio Solution File, Format Version 12.00
# Visual Studio 2013
VisualStudioVersion = 12.0.21005.1
MinimumVisualStudioVersion = 10.0.40219.1
Project("{FAE04EC0-301F-11D3-BF4B-00C04F79EFBC}") = "Astra.Core", "src\Frameworks\Astra.Core\Astra.Core.csproj", "{669213DF-D7F3-4D75-98FD-7F6598045F05}"
EndProject
Project("{2150E333-8FDC-42A3-9474-1A3956D46DE8}") = "src", "src", "{6A9EBF9B-EBAC-4044-BC30-0CB319C23127}"
EndProject
Project("{2150E333-8FDC-42A3-9474-1A3956D46DE8}") = "Frameworks", "Frameworks", "{96AE7EB4-D67A-4EBA-BDC7-1FC3B9B85FFC}"
EndProject
Project("{FAE04EC0-301F-11D3-BF4B-00C04F79EFBC}") = "Astra.Infrastructure.Mvc", "src\Frameworks\Astra.Infrastructure\Astra.Infrastructure.Mvc.csproj", "{F135EF16-9301-4B86-9B1A-CCBA28908E69}"
EndProject
Project("{2150E333-8FDC-42A3-9474-1A3956D46DE8}") = "Services", "Services", "{E4A0249E-E2E4-475F-9EFE-CA39B6CE4A3A}"
EndProject
Project("{2150E333-8FDC-42A3-9474-1A3956D46DE8}") = "SubmitProblem", "SubmitProblem", "{56CAE974-BD58-409B-ACE4-3723E366E9C3}"
EndProject
Project("{FAE04EC0-301F-11D3-BF4B-00C04F79EFBC}") = "SubmitProblem.Api", "src\Services\SubmitProblem\SubmitProblem.Api\SubmitProblem.Api.csproj", "{EBC6206A-F5A4-4E99-9115-9371B0C8C14C}"
EndProject
Project("{FAE04EC0-301F-11D3-BF4B-00C04F79EFBC}") = "SubmitProblem.Data", "src\Services\SubmitProblem\SubmitProblem.Data\SubmitProblem.Data.csproj", "{1FA8804F-07A6-4082-8155-23C17CB0CE44}"
EndProject
Project("{FAE04EC0-301F-11D3-BF4B-00C04F79EFBC}") = "SubmitProblem.BusinessFacade", "src\Services\SubmitProblem\SubmitProblem.BusinessFacade\SubmitProblem.BusinessFacade.csproj", "{329CE8E2-6873-4226-8906-952CBC1C105E}"
EndProject
Project("{2150E333-8FDC-42A3-9474-1A3956D46DE8}") = "Web", "Web", "{5A6D3339-D125-4CBE-A319-702A9512425C}"
EndProject
Project("{2150E333-8FDC-42A3-9474-1A3956D46DE8}") = "test", "test", "{9020F8D9-C0B6-43C2-94B4-123FE836B427}"
EndProject
Project("{FAE04EC0-301F-11D3-BF4B-00C04F79EFBC}") = "UnitTests", "test\UnitTests\UnitTests.csproj", "{C7527BAA-2BDE-4B97-91A3-89E07ABC6F7A}"
EndProject
Project("{FAE04EC0-301F-11D3-BF4B-00C04F79EFBC}") = "Astra.Infrastructure.Data", "src\Frameworks\Astra.Infrastructure.Data\Astra.Infrastructure.Data.csproj", "{FC276FD7-14CF-4ABD-9A19-C2D5D238E8FD}"
EndProject
Project("{FAE04EC0-301F-11D3-BF4B-00C04F79EFBC}") = "Backend.Web", "src\Web\Backend.Web\Backend.Web.csproj", "{71FC76FA-ED4B-4AD7-A240-F0882CD64CD1}"
EndProject
Project("{2150E333-8FDC-42A3-9474-1A3956D46DE8}") = "MasterData", "MasterData", "{0AE5388D-4635-40D0-9031-0B8EED7888CF}"
EndProject
Project("{FAE04EC0-301F-11D3-BF4B-00C04F79EFBC}") = "MasterData.Api", "src\Services\MasterData\MasterData.Api\MasterData.Api.csproj", "{470D888B-F17E-40AE-96A0-399E72A99820}"
EndProject
Project("{FAE04EC0-301F-11D3-BF4B-00C04F79EFBC}") = "MasterData.Data", "src\Services\MasterData\MasterData.Data\MasterData.Data.csproj", "{54E8BCF2-4538-4327-8139-96F75242077F}"
EndProject
Project("{FAE04EC0-301F-11D3-BF4B-00C04F79EFBC}") = "MasterData.BusinessFacade", "src\Services\MasterData\MasterData.BusinessFacade\MasterData.BusinessFacade.csproj", "{1797198C-68EC-4C8E-B528-3C1C9E463286}"
EndProject
Project("{FAE04EC0-301F-11D3-BF4B-00C04F79EFBC}") = "Astra.Infrastructure.WebApi", "src\Frameworks\Astra.Infrastructure.WebApi\Astra.Infrastructure.WebApi.csproj", "{E2B79900-BB9A-4E0A-ACCC-6AED3DA22767}"
EndProject
Global
	GlobalSection(SolutionConfigurationPlatforms) = preSolution
		Debug|Any CPU = Debug|Any CPU
		Release|Any CPU = Release|Any CPU
	EndGlobalSection
	GlobalSection(ProjectConfigurationPlatforms) = postSolution
		{669213DF-D7F3-4D75-98FD-7F6598045F05}.Debug|Any CPU.ActiveCfg = Debug|Any CPU
		{669213DF-D7F3-4D75-98FD-7F6598045F05}.Debug|Any CPU.Build.0 = Debug|Any CPU
		{669213DF-D7F3-4D75-98FD-7F6598045F05}.Release|Any CPU.ActiveCfg = Release|Any CPU
		{669213DF-D7F3-4D75-98FD-7F6598045F05}.Release|Any CPU.Build.0 = Release|Any CPU
		{F135EF16-9301-4B86-9B1A-CCBA28908E69}.Debug|Any CPU.ActiveCfg = Debug|Any CPU
		{F135EF16-9301-4B86-9B1A-CCBA28908E69}.Debug|Any CPU.Build.0 = Debug|Any CPU
		{F135EF16-9301-4B86-9B1A-CCBA28908E69}.Release|Any CPU.ActiveCfg = Release|Any CPU
		{F135EF16-9301-4B86-9B1A-CCBA28908E69}.Release|Any CPU.Build.0 = Release|Any CPU
		{EBC6206A-F5A4-4E99-9115-9371B0C8C14C}.Debug|Any CPU.ActiveCfg = Debug|Any CPU
		{EBC6206A-F5A4-4E99-9115-9371B0C8C14C}.Debug|Any CPU.Build.0 = Debug|Any CPU
		{EBC6206A-F5A4-4E99-9115-9371B0C8C14C}.Release|Any CPU.ActiveCfg = Release|Any CPU
		{EBC6206A-F5A4-4E99-9115-9371B0C8C14C}.Release|Any CPU.Build.0 = Release|Any CPU
		{1FA8804F-07A6-4082-8155-23C17CB0CE44}.Debug|Any CPU.ActiveCfg = Debug|Any CPU
		{1FA8804F-07A6-4082-8155-23C17CB0CE44}.Debug|Any CPU.Build.0 = Debug|Any CPU
		{1FA8804F-07A6-4082-8155-23C17CB0CE44}.Release|Any CPU.ActiveCfg = Release|Any CPU
		{1FA8804F-07A6-4082-8155-23C17CB0CE44}.Release|Any CPU.Build.0 = Release|Any CPU
		{329CE8E2-6873-4226-8906-952CBC1C105E}.Debug|Any CPU.ActiveCfg = Debug|Any CPU
		{329CE8E2-6873-4226-8906-952CBC1C105E}.Debug|Any CPU.Build.0 = Debug|Any CPU
		{329CE8E2-6873-4226-8906-952CBC1C105E}.Release|Any CPU.ActiveCfg = Release|Any CPU
		{329CE8E2-6873-4226-8906-952CBC1C105E}.Release|Any CPU.Build.0 = Release|Any CPU
		{C7527BAA-2BDE-4B97-91A3-89E07ABC6F7A}.Debug|Any CPU.ActiveCfg = Debug|Any CPU
		{C7527BAA-2BDE-4B97-91A3-89E07ABC6F7A}.Debug|Any CPU.Build.0 = Debug|Any CPU
		{C7527BAA-2BDE-4B97-91A3-89E07ABC6F7A}.Release|Any CPU.ActiveCfg = Release|Any CPU
		{C7527BAA-2BDE-4B97-91A3-89E07ABC6F7A}.Release|Any CPU.Build.0 = Release|Any CPU
		{FC276FD7-14CF-4ABD-9A19-C2D5D238E8FD}.Debug|Any CPU.ActiveCfg = Debug|Any CPU
		{FC276FD7-14CF-4ABD-9A19-C2D5D238E8FD}.Debug|Any CPU.Build.0 = Debug|Any CPU
		{FC276FD7-14CF-4ABD-9A19-C2D5D238E8FD}.Release|Any CPU.ActiveCfg = Release|Any CPU
		{FC276FD7-14CF-4ABD-9A19-C2D5D238E8FD}.Release|Any CPU.Build.0 = Release|Any CPU
		{71FC76FA-ED4B-4AD7-A240-F0882CD64CD1}.Debug|Any CPU.ActiveCfg = Debug|Any CPU
		{71FC76FA-ED4B-4AD7-A240-F0882CD64CD1}.Debug|Any CPU.Build.0 = Debug|Any CPU
		{71FC76FA-ED4B-4AD7-A240-F0882CD64CD1}.Release|Any CPU.ActiveCfg = Release|Any CPU
		{71FC76FA-ED4B-4AD7-A240-F0882CD64CD1}.Release|Any CPU.Build.0 = Release|Any CPU
		{470D888B-F17E-40AE-96A0-399E72A99820}.Debug|Any CPU.ActiveCfg = Debug|Any CPU
		{470D888B-F17E-40AE-96A0-399E72A99820}.Debug|Any CPU.Build.0 = Debug|Any CPU
		{470D888B-F17E-40AE-96A0-399E72A99820}.Release|Any CPU.ActiveCfg = Release|Any CPU
		{470D888B-F17E-40AE-96A0-399E72A99820}.Release|Any CPU.Build.0 = Release|Any CPU
		{54E8BCF2-4538-4327-8139-96F75242077F}.Debug|Any CPU.ActiveCfg = Debug|Any CPU
		{54E8BCF2-4538-4327-8139-96F75242077F}.Debug|Any CPU.Build.0 = Debug|Any CPU
		{54E8BCF2-4538-4327-8139-96F75242077F}.Release|Any CPU.ActiveCfg = Release|Any CPU
		{54E8BCF2-4538-4327-8139-96F75242077F}.Release|Any CPU.Build.0 = Release|Any CPU
		{1797198C-68EC-4C8E-B528-3C1C9E463286}.Debug|Any CPU.ActiveCfg = Debug|Any CPU
		{1797198C-68EC-4C8E-B528-3C1C9E463286}.Debug|Any CPU.Build.0 = Debug|Any CPU
		{1797198C-68EC-4C8E-B528-3C1C9E463286}.Release|Any CPU.ActiveCfg = Release|Any CPU
		{1797198C-68EC-4C8E-B528-3C1C9E463286}.Release|Any CPU.Build.0 = Release|Any CPU
		{E2B79900-BB9A-4E0A-ACCC-6AED3DA22767}.Debug|Any CPU.ActiveCfg = Debug|Any CPU
		{E2B79900-BB9A-4E0A-ACCC-6AED3DA22767}.Debug|Any CPU.Build.0 = Debug|Any CPU
		{E2B79900-BB9A-4E0A-ACCC-6AED3DA22767}.Release|Any CPU.ActiveCfg = Release|Any CPU
		{E2B79900-BB9A-4E0A-ACCC-6AED3DA22767}.Release|Any CPU.Build.0 = Release|Any CPU
	EndGlobalSection
	GlobalSection(SolutionProperties) = preSolution
		HideSolutionNode = FALSE
	EndGlobalSection
	GlobalSection(NestedProjects) = preSolution
		{96AE7EB4-D67A-4EBA-BDC7-1FC3B9B85FFC} = {6A9EBF9B-EBAC-4044-BC30-0CB319C23127}
		{E4A0249E-E2E4-475F-9EFE-CA39B6CE4A3A} = {6A9EBF9B-EBAC-4044-BC30-0CB319C23127}
		{5A6D3339-D125-4CBE-A319-702A9512425C} = {6A9EBF9B-EBAC-4044-BC30-0CB319C23127}
		{669213DF-D7F3-4D75-98FD-7F6598045F05} = {96AE7EB4-D67A-4EBA-BDC7-1FC3B9B85FFC}
		{F135EF16-9301-4B86-9B1A-CCBA28908E69} = {96AE7EB4-D67A-4EBA-BDC7-1FC3B9B85FFC}
		{FC276FD7-14CF-4ABD-9A19-C2D5D238E8FD} = {96AE7EB4-D67A-4EBA-BDC7-1FC3B9B85FFC}
		{E2B79900-BB9A-4E0A-ACCC-6AED3DA22767} = {96AE7EB4-D67A-4EBA-BDC7-1FC3B9B85FFC}
		{56CAE974-BD58-409B-ACE4-3723E366E9C3} = {E4A0249E-E2E4-475F-9EFE-CA39B6CE4A3A}
		{0AE5388D-4635-40D0-9031-0B8EED7888CF} = {E4A0249E-E2E4-475F-9EFE-CA39B6CE4A3A}
		{EBC6206A-F5A4-4E99-9115-9371B0C8C14C} = {56CAE974-BD58-409B-ACE4-3723E366E9C3}
		{1FA8804F-07A6-4082-8155-23C17CB0CE44} = {56CAE974-BD58-409B-ACE4-3723E366E9C3}
		{329CE8E2-6873-4226-8906-952CBC1C105E} = {56CAE974-BD58-409B-ACE4-3723E366E9C3}
		{71FC76FA-ED4B-4AD7-A240-F0882CD64CD1} = {5A6D3339-D125-4CBE-A319-702A9512425C}
		{C7527BAA-2BDE-4B97-91A3-89E07ABC6F7A} = {9020F8D9-C0B6-43C2-94B4-123FE836B427}
		{470D888B-F17E-40AE-96A0-399E72A99820} = {0AE5388D-4635-40D0-9031-0B8EED7888CF}
		{54E8BCF2-4538-4327-8139-96F75242077F} = {0AE5388D-4635-40D0-9031-0B8EED7888CF}
		{1797198C-68EC-4C8E-B528-3C1C9E463286} = {0AE5388D-4635-40D0-9031-0B8EED7888CF}
	EndGlobalSection
EndGlobal
