Microsoft Visual Studio Solution File, Format Version 12.00
# Visual Studio 15
VisualStudioVersion = 15.0.27130.2010
MinimumVisualStudioVersion = 15.0.26124.0
Project("{2150E333-8FDC-42A3-9474-1A3956D46DE8}") = "src", "src", "{5A3ABA1A-51CC-45F3-8CE9-B13D722A490A}"
EndProject
Project("{2150E333-8FDC-42A3-9474-1A3956D46DE8}") = "Frameworks", "Frameworks", "{3BE744F1-251A-4B85-AE62-1D15F3557CFD}"
EndProject
Project("{FAE04EC0-301F-11D3-BF4B-00C04F79EFBC}") = "Astra.Core", "src\Frameworks\Astra.Core\Astra.Core.csproj", "{84416DC1-7A8D-48F1-9617-96BCB58A671E}"
EndProject
Project("{FAE04EC0-301F-11D3-BF4B-00C04F79EFBC}") = "Astra.Infrastructure", "src\Frameworks\Astra.Infrastructure\Astra.Infrastructure.csproj", "{33F69FDE-E8F1-437A-B6DB-19DCCBC5F4E0}"
EndProject
Project("{2150E333-8FDC-42A3-9474-1A3956D46DE8}") = "Web", "Web", "{C8F4FCB7-882B-4B71-8F44-794A3FB32FA2}"
EndProject
Project("{2150E333-8FDC-42A3-9474-1A3956D46DE8}") = "Services", "Services", "{0A400A0E-221E-42A3-B80F-64AD870BB138}"
EndProject
Project("{FAE04EC0-301F-11D3-BF4B-00C04F79EFBC}") = "FieldSupport.Api", "src\Services\FieldSupport.Api\FieldSupport.Api.csproj", "{3970C3FA-D3F7-4EF1-BFA0-49E51B9ED848}"
EndProject
Project("{FAE04EC0-301F-11D3-BF4B-00C04F79EFBC}") = "Backend.Web", "src\Web\Backend.Web\Backend.Web.csproj", "{ABF9DC65-DEBE-4239-9B4A-533828DF9B37}"
EndProject
Project("{FAE04EC0-301F-11D3-BF4B-00C04F79EFBC}") = "FieldSupport.Domain", "src\Services\FieldSupport.Domain\FieldSupport.Domain.csproj", "{BEA18197-7DFB-460F-9304-C5E996E3CBC8}"
EndProject
Project("{FAE04EC0-301F-11D3-BF4B-00C04F79EFBC}") = "Identity.Api", "src\Services\Identity.Api\Identity.Api.csproj", "{0C95B602-F2B4-44A9-8965-601860B13ED8}"
EndProject
Global
	GlobalSection(SolutionConfigurationPlatforms) = preSolution
		Debug|Any CPU = Debug|Any CPU
		Debug|x64 = Debug|x64
		Debug|x86 = Debug|x86
		Release|Any CPU = Release|Any CPU
		Release|x64 = Release|x64
		Release|x86 = Release|x86
	EndGlobalSection
	GlobalSection(ProjectConfigurationPlatforms) = postSolution
		{84416DC1-7A8D-48F1-9617-96BCB58A671E}.Debug|Any CPU.ActiveCfg = Debug|Any CPU
		{84416DC1-7A8D-48F1-9617-96BCB58A671E}.Debug|Any CPU.Build.0 = Debug|Any CPU
		{84416DC1-7A8D-48F1-9617-96BCB58A671E}.Debug|x64.ActiveCfg = Debug|Any CPU
		{84416DC1-7A8D-48F1-9617-96BCB58A671E}.Debug|x64.Build.0 = Debug|Any CPU
		{84416DC1-7A8D-48F1-9617-96BCB58A671E}.Debug|x86.ActiveCfg = Debug|Any CPU
		{84416DC1-7A8D-48F1-9617-96BCB58A671E}.Debug|x86.Build.0 = Debug|Any CPU
		{84416DC1-7A8D-48F1-9617-96BCB58A671E}.Release|Any CPU.ActiveCfg = Release|Any CPU
		{84416DC1-7A8D-48F1-9617-96BCB58A671E}.Release|Any CPU.Build.0 = Release|Any CPU
		{84416DC1-7A8D-48F1-9617-96BCB58A671E}.Release|x64.ActiveCfg = Release|Any CPU
		{84416DC1-7A8D-48F1-9617-96BCB58A671E}.Release|x64.Build.0 = Release|Any CPU
		{84416DC1-7A8D-48F1-9617-96BCB58A671E}.Release|x86.ActiveCfg = Release|Any CPU
		{84416DC1-7A8D-48F1-9617-96BCB58A671E}.Release|x86.Build.0 = Release|Any CPU
		{33F69FDE-E8F1-437A-B6DB-19DCCBC5F4E0}.Debug|Any CPU.ActiveCfg = Debug|Any CPU
		{33F69FDE-E8F1-437A-B6DB-19DCCBC5F4E0}.Debug|Any CPU.Build.0 = Debug|Any CPU
		{33F69FDE-E8F1-437A-B6DB-19DCCBC5F4E0}.Debug|x64.ActiveCfg = Debug|Any CPU
		{33F69FDE-E8F1-437A-B6DB-19DCCBC5F4E0}.Debug|x64.Build.0 = Debug|Any CPU
		{33F69FDE-E8F1-437A-B6DB-19DCCBC5F4E0}.Debug|x86.ActiveCfg = Debug|Any CPU
		{33F69FDE-E8F1-437A-B6DB-19DCCBC5F4E0}.Debug|x86.Build.0 = Debug|Any CPU
		{33F69FDE-E8F1-437A-B6DB-19DCCBC5F4E0}.Release|Any CPU.ActiveCfg = Release|Any CPU
		{33F69FDE-E8F1-437A-B6DB-19DCCBC5F4E0}.Release|Any CPU.Build.0 = Release|Any CPU
		{33F69FDE-E8F1-437A-B6DB-19DCCBC5F4E0}.Release|x64.ActiveCfg = Release|Any CPU
		{33F69FDE-E8F1-437A-B6DB-19DCCBC5F4E0}.Release|x64.Build.0 = Release|Any CPU
		{33F69FDE-E8F1-437A-B6DB-19DCCBC5F4E0}.Release|x86.ActiveCfg = Release|Any CPU
		{33F69FDE-E8F1-437A-B6DB-19DCCBC5F4E0}.Release|x86.Build.0 = Release|Any CPU
		{3970C3FA-D3F7-4EF1-BFA0-49E51B9ED848}.Debug|Any CPU.ActiveCfg = Debug|Any CPU
		{3970C3FA-D3F7-4EF1-BFA0-49E51B9ED848}.Debug|Any CPU.Build.0 = Debug|Any CPU
		{3970C3FA-D3F7-4EF1-BFA0-49E51B9ED848}.Debug|x64.ActiveCfg = Debug|Any CPU
		{3970C3FA-D3F7-4EF1-BFA0-49E51B9ED848}.Debug|x64.Build.0 = Debug|Any CPU
		{3970C3FA-D3F7-4EF1-BFA0-49E51B9ED848}.Debug|x86.ActiveCfg = Debug|Any CPU
		{3970C3FA-D3F7-4EF1-BFA0-49E51B9ED848}.Debug|x86.Build.0 = Debug|Any CPU
		{3970C3FA-D3F7-4EF1-BFA0-49E51B9ED848}.Release|Any CPU.ActiveCfg = Release|Any CPU
		{3970C3FA-D3F7-4EF1-BFA0-49E51B9ED848}.Release|Any CPU.Build.0 = Release|Any CPU
		{3970C3FA-D3F7-4EF1-BFA0-49E51B9ED848}.Release|x64.ActiveCfg = Release|Any CPU
		{3970C3FA-D3F7-4EF1-BFA0-49E51B9ED848}.Release|x64.Build.0 = Release|Any CPU
		{3970C3FA-D3F7-4EF1-BFA0-49E51B9ED848}.Release|x86.ActiveCfg = Release|Any CPU
		{3970C3FA-D3F7-4EF1-BFA0-49E51B9ED848}.Release|x86.Build.0 = Release|Any CPU
		{ABF9DC65-DEBE-4239-9B4A-533828DF9B37}.Debug|Any CPU.ActiveCfg = Debug|Any CPU
		{ABF9DC65-DEBE-4239-9B4A-533828DF9B37}.Debug|Any CPU.Build.0 = Debug|Any CPU
		{ABF9DC65-DEBE-4239-9B4A-533828DF9B37}.Debug|x64.ActiveCfg = Debug|Any CPU
		{ABF9DC65-DEBE-4239-9B4A-533828DF9B37}.Debug|x64.Build.0 = Debug|Any CPU
		{ABF9DC65-DEBE-4239-9B4A-533828DF9B37}.Debug|x86.ActiveCfg = Debug|Any CPU
		{ABF9DC65-DEBE-4239-9B4A-533828DF9B37}.Debug|x86.Build.0 = Debug|Any CPU
		{ABF9DC65-DEBE-4239-9B4A-533828DF9B37}.Release|Any CPU.ActiveCfg = Release|Any CPU
		{ABF9DC65-DEBE-4239-9B4A-533828DF9B37}.Release|Any CPU.Build.0 = Release|Any CPU
		{ABF9DC65-DEBE-4239-9B4A-533828DF9B37}.Release|x64.ActiveCfg = Release|Any CPU
		{ABF9DC65-DEBE-4239-9B4A-533828DF9B37}.Release|x64.Build.0 = Release|Any CPU
		{ABF9DC65-DEBE-4239-9B4A-533828DF9B37}.Release|x86.ActiveCfg = Release|Any CPU
		{ABF9DC65-DEBE-4239-9B4A-533828DF9B37}.Release|x86.Build.0 = Release|Any CPU
		{BEA18197-7DFB-460F-9304-C5E996E3CBC8}.Debug|Any CPU.ActiveCfg = Debug|Any CPU
		{BEA18197-7DFB-460F-9304-C5E996E3CBC8}.Debug|Any CPU.Build.0 = Debug|Any CPU
		{BEA18197-7DFB-460F-9304-C5E996E3CBC8}.Debug|x64.ActiveCfg = Debug|Any CPU
		{BEA18197-7DFB-460F-9304-C5E996E3CBC8}.Debug|x64.Build.0 = Debug|Any CPU
		{BEA18197-7DFB-460F-9304-C5E996E3CBC8}.Debug|x86.ActiveCfg = Debug|Any CPU
		{BEA18197-7DFB-460F-9304-C5E996E3CBC8}.Debug|x86.Build.0 = Debug|Any CPU
		{BEA18197-7DFB-460F-9304-C5E996E3CBC8}.Release|Any CPU.ActiveCfg = Release|Any CPU
		{BEA18197-7DFB-460F-9304-C5E996E3CBC8}.Release|Any CPU.Build.0 = Release|Any CPU
		{BEA18197-7DFB-460F-9304-C5E996E3CBC8}.Release|x64.ActiveCfg = Release|Any CPU
		{BEA18197-7DFB-460F-9304-C5E996E3CBC8}.Release|x64.Build.0 = Release|Any CPU
		{BEA18197-7DFB-460F-9304-C5E996E3CBC8}.Release|x86.ActiveCfg = Release|Any CPU
		{BEA18197-7DFB-460F-9304-C5E996E3CBC8}.Release|x86.Build.0 = Release|Any CPU
		{0C95B602-F2B4-44A9-8965-601860B13ED8}.Debug|Any CPU.ActiveCfg = Debug|Any CPU
		{0C95B602-F2B4-44A9-8965-601860B13ED8}.Debug|Any CPU.Build.0 = Debug|Any CPU
		{0C95B602-F2B4-44A9-8965-601860B13ED8}.Debug|x64.ActiveCfg = Debug|Any CPU
		{0C95B602-F2B4-44A9-8965-601860B13ED8}.Debug|x64.Build.0 = Debug|Any CPU
		{0C95B602-F2B4-44A9-8965-601860B13ED8}.Debug|x86.ActiveCfg = Debug|Any CPU
		{0C95B602-F2B4-44A9-8965-601860B13ED8}.Debug|x86.Build.0 = Debug|Any CPU
		{0C95B602-F2B4-44A9-8965-601860B13ED8}.Release|Any CPU.ActiveCfg = Release|Any CPU
		{0C95B602-F2B4-44A9-8965-601860B13ED8}.Release|Any CPU.Build.0 = Release|Any CPU
		{0C95B602-F2B4-44A9-8965-601860B13ED8}.Release|x64.ActiveCfg = Release|Any CPU
		{0C95B602-F2B4-44A9-8965-601860B13ED8}.Release|x64.Build.0 = Release|Any CPU
		{0C95B602-F2B4-44A9-8965-601860B13ED8}.Release|x86.ActiveCfg = Release|Any CPU
		{0C95B602-F2B4-44A9-8965-601860B13ED8}.Release|x86.Build.0 = Release|Any CPU
	EndGlobalSection
	GlobalSection(SolutionProperties) = preSolution
		HideSolutionNode = FALSE
	EndGlobalSection
	GlobalSection(NestedProjects) = preSolution
		{3BE744F1-251A-4B85-AE62-1D15F3557CFD} = {5A3ABA1A-51CC-45F3-8CE9-B13D722A490A}
		{84416DC1-7A8D-48F1-9617-96BCB58A671E} = {3BE744F1-251A-4B85-AE62-1D15F3557CFD}
		{33F69FDE-E8F1-437A-B6DB-19DCCBC5F4E0} = {3BE744F1-251A-4B85-AE62-1D15F3557CFD}
		{C8F4FCB7-882B-4B71-8F44-794A3FB32FA2} = {5A3ABA1A-51CC-45F3-8CE9-B13D722A490A}
		{0A400A0E-221E-42A3-B80F-64AD870BB138} = {5A3ABA1A-51CC-45F3-8CE9-B13D722A490A}
		{3970C3FA-D3F7-4EF1-BFA0-49E51B9ED848} = {0A400A0E-221E-42A3-B80F-64AD870BB138}
		{ABF9DC65-DEBE-4239-9B4A-533828DF9B37} = {C8F4FCB7-882B-4B71-8F44-794A3FB32FA2}
		{BEA18197-7DFB-460F-9304-C5E996E3CBC8} = {0A400A0E-221E-42A3-B80F-64AD870BB138}
		{0C95B602-F2B4-44A9-8965-601860B13ED8} = {0A400A0E-221E-42A3-B80F-64AD870BB138}
	EndGlobalSection
	GlobalSection(ExtensibilityGlobals) = postSolution
		SolutionGuid = {B802A7C7-3CCF-4515-B959-D54F3E78E330}
	EndGlobalSection
EndGlobal
